
Microsoft Visual Studio Solution File, Format Version 12.00
# Visual Studio Version 17
VisualStudioVersion = 17.6.33712.159
MinimumVisualStudioVersion = 10.0.40219.1
Project("{FAE04EC0-301F-11D3-BF4B-00C04F79EFBC}") = "SQL_Projs", "SQL_Projs\SQL_Projs.csproj", "{8CBFECFE-17E5-4FEC-8621-282184740DFC}"
EndProject
Global
	GlobalSection(SolutionConfigurationPlatforms) = preSolution
		Debug|Any CPU = Debug|Any CPU
		Release|Any CPU = Release|Any CPU
	EndGlobalSection
	GlobalSection(ProjectConfigurationPlatforms) = postSolution
		{8CBFECFE-17E5-4FEC-8621-282184740DFC}.Debug|Any CPU.ActiveCfg = Debug|Any CPU
		{8CBFECFE-17E5-4FEC-8621-282184740DFC}.Debug|Any CPU.Build.0 = Debug|Any CPU
		{8CBFECFE-17E5-4FEC-8621-282184740DFC}.Release|Any CPU.ActiveCfg = Release|Any CPU
		{8CBFECFE-17E5-4FEC-8621-282184740DFC}.Release|Any CPU.Build.0 = Release|Any CPU
	EndGlobalSection
	GlobalSection(SolutionProperties) = preSolution
		HideSolutionNode = FALSE
	EndGlobalSection
	GlobalSection(ExtensibilityGlobals) = postSolution
		SolutionGuid = {3533B54A-C34C-4D9E-968F-6DE46AED506D}
	EndGlobalSection
EndGlobal
