
Microsoft Visual Studio Solution File, Format Version 12.00
# Visual Studio Version 17
VisualStudioVersion = 17.6.33712.159
MinimumVisualStudioVersion = 10.0.40219.1
Project("{FAE04EC0-301F-11D3-BF4B-00C04F79EFBC}") = "WinFormsApp1", "WinFormsApp1\WinFormsApp1.csproj", "{FCB5C0ED-FCC6-43EB-91F0-38A098FB770A}"
EndProject
Global
	GlobalSection(SolutionConfigurationPlatforms) = preSolution
		Debug|Any CPU = Debug|Any CPU
		Release|Any CPU = Release|Any CPU
	EndGlobalSection
	GlobalSection(ProjectConfigurationPlatforms) = postSolution
		{FCB5C0ED-FCC6-43EB-91F0-38A098FB770A}.Debug|Any CPU.ActiveCfg = Debug|Any CPU
		{FCB5C0ED-FCC6-43EB-91F0-38A098FB770A}.Debug|Any CPU.Build.0 = Debug|Any CPU
		{FCB5C0ED-FCC6-43EB-91F0-38A098FB770A}.Release|Any CPU.ActiveCfg = Release|Any CPU
		{FCB5C0ED-FCC6-43EB-91F0-38A098FB770A}.Release|Any CPU.Build.0 = Release|Any CPU
	EndGlobalSection
	GlobalSection(SolutionProperties) = preSolution
		HideSolutionNode = FALSE
	EndGlobalSection
	GlobalSection(ExtensibilityGlobals) = postSolution
		SolutionGuid = {ADE38F7D-2940-4FA3-9DDA-3B738509B217}
	EndGlobalSection
EndGlobal
